
Microsoft Visual Studio Solution File, Format Version 12.00
# Visual Studio 2012
Project("{FAE04EC0-301F-11D3-BF4B-00C04F79EFBC}") = "Stormy", "Stormy\Stormy.csproj", "{8E5B05C1-2B33-40A2-A84E-6F3E00D20618}"
EndProject
Project("{FAE04EC0-301F-11D3-BF4B-00C04F79EFBC}") = "Stormy.UITests", "Stormy.UITests\Stormy.UITests.csproj", "{16FF7D91-9CD0-4FB6-A06E-D8E72D05968C}"
EndProject
Global
	GlobalSection(SolutionConfigurationPlatforms) = preSolution
		Debug|Any CPU = Debug|Any CPU
		Release|Any CPU = Release|Any CPU
	EndGlobalSection
	GlobalSection(ProjectConfigurationPlatforms) = postSolution
		{16FF7D91-9CD0-4FB6-A06E-D8E72D05968C}.Debug|Any CPU.ActiveCfg = Debug|Any CPU
		{16FF7D91-9CD0-4FB6-A06E-D8E72D05968C}.Debug|Any CPU.Build.0 = Debug|Any CPU
		{16FF7D91-9CD0-4FB6-A06E-D8E72D05968C}.Release|Any CPU.ActiveCfg = Release|Any CPU
		{16FF7D91-9CD0-4FB6-A06E-D8E72D05968C}.Release|Any CPU.Build.0 = Release|Any CPU
		{8E5B05C1-2B33-40A2-A84E-6F3E00D20618}.Debug|Any CPU.ActiveCfg = Debug|Any CPU
		{8E5B05C1-2B33-40A2-A84E-6F3E00D20618}.Debug|Any CPU.Build.0 = Debug|Any CPU
		{8E5B05C1-2B33-40A2-A84E-6F3E00D20618}.Release|Any CPU.ActiveCfg = Release|Any CPU
		{8E5B05C1-2B33-40A2-A84E-6F3E00D20618}.Release|Any CPU.Build.0 = Release|Any CPU
	EndGlobalSection
EndGlobal
